// !$*UTF8*$!
{
	archiveVersion = 1;
	classes = {
	};
	objectVersion = 46;
	objects = {

/* Begin PBXBuildFile section */
		4D27D0461F63F9B1000CEEE7 /* main.m in Sources */ = {isa = PBXBuildFile; fileRef = 4D27D0451F63F9B1000CEEE7 /* main.m */; };
		4D27D0491F63F9B1000CEEE7 /* AppDelegate.m in Sources */ = {isa = PBXBuildFile; fileRef = 4D27D0481F63F9B1000CEEE7 /* AppDelegate.m */; };
		4D27D04C1F63F9B1000CEEE7 /* ViewController.m in Sources */ = {isa = PBXBuildFile; fileRef = 4D27D04B1F63F9B1000CEEE7 /* ViewController.m */; };
		4D27D04F1F63F9B1000CEEE7 /* Main.storyboard in Resources */ = {isa = PBXBuildFile; fileRef = 4D27D04D1F63F9B1000CEEE7 /* Main.storyboard */; };
		4D27D0511F63F9B1000CEEE7 /* Assets.xcassets in Resources */ = {isa = PBXBuildFile; fileRef = 4D27D0501F63F9B1000CEEE7 /* Assets.xcassets */; };
		4D27D0541F63F9B1000CEEE7 /* LaunchScreen.storyboard in Resources */ = {isa = PBXBuildFile; fileRef = 4D27D0521F63F9B1000CEEE7 /* LaunchScreen.storyboard */; };
		4D27D0691F63FAC0000CEEE7 /* BaseTableView.m in Sources */ = {isa = PBXBuildFile; fileRef = 4D27D05D1F63FAC0000CEEE7 /* BaseTableView.m */; };
		4D27D06A1F63FAC0000CEEE7 /* BaseTableViewCell.m in Sources */ = {isa = PBXBuildFile; fileRef = 4D27D05F1F63FAC0000CEEE7 /* BaseTableViewCell.m */; };
		4D27D06B1F63FAC0000CEEE7 /* BaseTableViewCell.xib in Resources */ = {isa = PBXBuildFile; fileRef = 4D27D0601F63FAC0000CEEE7 /* BaseTableViewCell.xib */; };
		4D27D06C1F63FAC0000CEEE7 /* BaseTableViewController.m in Sources */ = {isa = PBXBuildFile; fileRef = 4D27D0621F63FAC0000CEEE7 /* BaseTableViewController.m */; };
		4D27D06D1F63FAC0000CEEE7 /* BaseTableViewDataSource.m in Sources */ = {isa = PBXBuildFile; fileRef = 4D27D0641F63FAC0000CEEE7 /* BaseTableViewDataSource.m */; };
		4D27D06E1F63FAC0000CEEE7 /* BaseTableViewEntry.m in Sources */ = {isa = PBXBuildFile; fileRef = 4D27D0661F63FAC0000CEEE7 /* BaseTableViewEntry.m */; };
		4D27D06F1F63FAC0000CEEE7 /* BaseTableViewSection.m in Sources */ = {isa = PBXBuildFile; fileRef = 4D27D0681F63FAC0000CEEE7 /* BaseTableViewSection.m */; };
		4D27D0771F6403AC000CEEE7 /* ImageCell.xib in Resources */ = {isa = PBXBuildFile; fileRef = 4D27D0761F6403AC000CEEE7 /* ImageCell.xib */; };
		4D27D07A1F6403E8000CEEE7 /* ImageCell.m in Sources */ = {isa = PBXBuildFile; fileRef = 4D27D0791F6403E8000CEEE7 /* ImageCell.m */; };
		4D27D07C1F640464000CEEE7 /* img.png in Resources */ = {isa = PBXBuildFile; fileRef = 4D27D07B1F640464000CEEE7 /* img.png */; };
/* End PBXBuildFile section */

/* Begin PBXFileReference section */
		4D27D0411F63F9B1000CEEE7 /* TableViewExperiment.app */ = {isa = PBXFileReference; explicitFileType = wrapper.application; includeInIndex = 0; path = TableViewExperiment.app; sourceTree = BUILT_PRODUCTS_DIR; };
		4D27D0451F63F9B1000CEEE7 /* main.m */ = {isa = PBXFileReference; lastKnownFileType = sourcecode.c.objc; path = main.m; sourceTree = "<group>"; };
		4D27D0471F63F9B1000CEEE7 /* AppDelegate.h */ = {isa = PBXFileReference; lastKnownFileType = sourcecode.c.h; path = AppDelegate.h; sourceTree = "<group>"; };
		4D27D0481F63F9B1000CEEE7 /* AppDelegate.m */ = {isa = PBXFileReference; lastKnownFileType = sourcecode.c.objc; path = AppDelegate.m; sourceTree = "<group>"; };
		4D27D04A1F63F9B1000CEEE7 /* ViewController.h */ = {isa = PBXFileReference; lastKnownFileType = sourcecode.c.h; path = ViewController.h; sourceTree = "<group>"; };
		4D27D04B1F63F9B1000CEEE7 /* ViewController.m */ = {isa = PBXFileReference; lastKnownFileType = sourcecode.c.objc; path = ViewController.m; sourceTree = "<group>"; };
		4D27D04E1F63F9B1000CEEE7 /* Base */ = {isa = PBXFileReference; lastKnownFileType = file.storyboard; name = Base; path = Base.lproj/Main.storyboard; sourceTree = "<group>"; };
		4D27D0501F63F9B1000CEEE7 /* Assets.xcassets */ = {isa = PBXFileReference; lastKnownFileType = folder.assetcatalog; path = Assets.xcassets; sourceTree = "<group>"; };
		4D27D0531F63F9B1000CEEE7 /* Base */ = {isa = PBXFileReference; lastKnownFileType = file.storyboard; name = Base; path = Base.lproj/LaunchScreen.storyboard; sourceTree = "<group>"; };
		4D27D0551F63F9B1000CEEE7 /* Info.plist */ = {isa = PBXFileReference; lastKnownFileType = text.plist.xml; path = Info.plist; sourceTree = "<group>"; };
		4D27D05C1F63FAC0000CEEE7 /* BaseTableView.h */ = {isa = PBXFileReference; fileEncoding = 4; lastKnownFileType = sourcecode.c.h; path = BaseTableView.h; sourceTree = "<group>"; };
		4D27D05D1F63FAC0000CEEE7 /* BaseTableView.m */ = {isa = PBXFileReference; fileEncoding = 4; lastKnownFileType = sourcecode.c.objc; path = BaseTableView.m; sourceTree = "<group>"; };
		4D27D05E1F63FAC0000CEEE7 /* BaseTableViewCell.h */ = {isa = PBXFileReference; fileEncoding = 4; lastKnownFileType = sourcecode.c.h; path = BaseTableViewCell.h; sourceTree = "<group>"; };
		4D27D05F1F63FAC0000CEEE7 /* BaseTableViewCell.m */ = {isa = PBXFileReference; fileEncoding = 4; lastKnownFileType = sourcecode.c.objc; path = BaseTableViewCell.m; sourceTree = "<group>"; };
		4D27D0601F63FAC0000CEEE7 /* BaseTableViewCell.xib */ = {isa = PBXFileReference; fileEncoding = 4; lastKnownFileType = file.xib; path = BaseTableViewCell.xib; sourceTree = "<group>"; };
		4D27D0611F63FAC0000CEEE7 /* BaseTableViewController.h */ = {isa = PBXFileReference; fileEncoding = 4; lastKnownFileType = sourcecode.c.h; path = BaseTableViewController.h; sourceTree = "<group>"; };
		4D27D0621F63FAC0000CEEE7 /* BaseTableViewController.m */ = {isa = PBXFileReference; fileEncoding = 4; lastKnownFileType = sourcecode.c.objc; path = BaseTableViewController.m; sourceTree = "<group>"; };
		4D27D0631F63FAC0000CEEE7 /* BaseTableViewDataSource.h */ = {isa = PBXFileReference; fileEncoding = 4; lastKnownFileType = sourcecode.c.h; path = BaseTableViewDataSource.h; sourceTree = "<group>"; };
		4D27D0641F63FAC0000CEEE7 /* BaseTableViewDataSource.m */ = {isa = PBXFileReference; fileEncoding = 4; lastKnownFileType = sourcecode.c.objc; path = BaseTableViewDataSource.m; sourceTree = "<group>"; };
		4D27D0651F63FAC0000CEEE7 /* BaseTableViewEntry.h */ = {isa = PBXFileReference; fileEncoding = 4; lastKnownFileType = sourcecode.c.h; path = BaseTableViewEntry.h; sourceTree = "<group>"; };
		4D27D0661F63FAC0000CEEE7 /* BaseTableViewEntry.m */ = {isa = PBXFileReference; fileEncoding = 4; lastKnownFileType = sourcecode.c.objc; path = BaseTableViewEntry.m; sourceTree = "<group>"; };
		4D27D0671F63FAC0000CEEE7 /* BaseTableViewSection.h */ = {isa = PBXFileReference; fileEncoding = 4; lastKnownFileType = sourcecode.c.h; path = BaseTableViewSection.h; sourceTree = "<group>"; };
		4D27D0681F63FAC0000CEEE7 /* BaseTableViewSection.m */ = {isa = PBXFileReference; fileEncoding = 4; lastKnownFileType = sourcecode.c.objc; path = BaseTableViewSection.m; sourceTree = "<group>"; };
		4D27D0761F6403AC000CEEE7 /* ImageCell.xib */ = {isa = PBXFileReference; fileEncoding = 4; lastKnownFileType = file.xib; path = ImageCell.xib; sourceTree = "<group>"; };
		4D27D0781F6403E8000CEEE7 /* ImageCell.h */ = {isa = PBXFileReference; fileEncoding = 4; lastKnownFileType = sourcecode.c.h; path = ImageCell.h; sourceTree = "<group>"; };
		4D27D0791F6403E8000CEEE7 /* ImageCell.m */ = {isa = PBXFileReference; fileEncoding = 4; lastKnownFileType = sourcecode.c.objc; path = ImageCell.m; sourceTree = "<group>"; };
		4D27D07B1F640464000CEEE7 /* img.png */ = {isa = PBXFileReference; lastKnownFileType = image.png; path = img.png; sourceTree = "<group>"; };
/* End PBXFileReference section */

/* Begin PBXFrameworksBuildPhase section */
		4D27D03E1F63F9B1000CEEE7 /* Frameworks */ = {
			isa = PBXFrameworksBuildPhase;
			buildActionMask = 2147483647;
			files = (
			);
			runOnlyForDeploymentPostprocessing = 0;
		};
/* End PBXFrameworksBuildPhase section */

/* Begin PBXGroup section */
		4D27D0381F63F9B1000CEEE7 = {
			isa = PBXGroup;
			children = (
				4D27D0431F63F9B1000CEEE7 /* TableViewExperiment */,
				4D27D0421F63F9B1000CEEE7 /* Products */,
			);
			sourceTree = "<group>";
		};
		4D27D0421F63F9B1000CEEE7 /* Products */ = {
			isa = PBXGroup;
			children = (
				4D27D0411F63F9B1000CEEE7 /* TableViewExperiment.app */,
			);
			name = Products;
			sourceTree = "<group>";
		};
		4D27D0431F63F9B1000CEEE7 /* TableViewExperiment */ = {
			isa = PBXGroup;
			children = (
				4D27D0751F640381000CEEE7 /* Examples */,
				4D27D05B1F63FAC0000CEEE7 /* SourceFiles */,
				4D27D0471F63F9B1000CEEE7 /* AppDelegate.h */,
				4D27D0481F63F9B1000CEEE7 /* AppDelegate.m */,
				4D27D04D1F63F9B1000CEEE7 /* Main.storyboard */,
				4D27D0501F63F9B1000CEEE7 /* Assets.xcassets */,
				4D27D0521F63F9B1000CEEE7 /* LaunchScreen.storyboard */,
				4D27D0551F63F9B1000CEEE7 /* Info.plist */,
				4D27D0441F63F9B1000CEEE7 /* Supporting Files */,
			);
			path = TableViewExperiment;
			sourceTree = "<group>";
		};
		4D27D0441F63F9B1000CEEE7 /* Supporting Files */ = {
			isa = PBXGroup;
			children = (
				4D27D0451F63F9B1000CEEE7 /* main.m */,
			);
			name = "Supporting Files";
			sourceTree = "<group>";
		};
		4D27D05B1F63FAC0000CEEE7 /* SourceFiles */ = {
			isa = PBXGroup;
			children = (
				4D27D0731F640367000CEEE7 /* Controller */,
				4D27D0721F64035D000CEEE7 /* Datasource */,
				4D27D0711F640349000CEEE7 /* UI Element */,
				4D27D0701F64033D000CEEE7 /* Cells */,
			);
			path = SourceFiles;
			sourceTree = "<group>";
		};
		4D27D0701F64033D000CEEE7 /* Cells */ = {
			isa = PBXGroup;
			children = (
				4D27D05E1F63FAC0000CEEE7 /* BaseTableViewCell.h */,
				4D27D05F1F63FAC0000CEEE7 /* BaseTableViewCell.m */,
				4D27D0601F63FAC0000CEEE7 /* BaseTableViewCell.xib */,
			);
			name = Cells;
			sourceTree = "<group>";
		};
		4D27D0711F640349000CEEE7 /* UI Element */ = {
			isa = PBXGroup;
			children = (
				4D27D05C1F63FAC0000CEEE7 /* BaseTableView.h */,
				4D27D05D1F63FAC0000CEEE7 /* BaseTableView.m */,
			);
			name = "UI Element";
			sourceTree = "<group>";
		};
		4D27D0721F64035D000CEEE7 /* Datasource */ = {
			isa = PBXGroup;
			children = (
				4D27D0631F63FAC0000CEEE7 /* BaseTableViewDataSource.h */,
				4D27D0641F63FAC0000CEEE7 /* BaseTableViewDataSource.m */,
				4D27D0651F63FAC0000CEEE7 /* BaseTableViewEntry.h */,
				4D27D0661F63FAC0000CEEE7 /* BaseTableViewEntry.m */,
				4D27D0671F63FAC0000CEEE7 /* BaseTableViewSection.h */,
				4D27D0681F63FAC0000CEEE7 /* BaseTableViewSection.m */,
			);
			name = Datasource;
			sourceTree = "<group>";
		};
		4D27D0731F640367000CEEE7 /* Controller */ = {
			isa = PBXGroup;
			children = (
				4D27D0611F63FAC0000CEEE7 /* BaseTableViewController.h */,
				4D27D0621F63FAC0000CEEE7 /* BaseTableViewController.m */,
			);
			name = Controller;
			sourceTree = "<group>";
		};
		4D27D0751F640381000CEEE7 /* Examples */ = {
			isa = PBXGroup;
			children = (
				4D27D07B1F640464000CEEE7 /* img.png */,
				4D27D04A1F63F9B1000CEEE7 /* ViewController.h */,
				4D27D04B1F63F9B1000CEEE7 /* ViewController.m */,
				4D27D0761F6403AC000CEEE7 /* ImageCell.xib */,
				4D27D0781F6403E8000CEEE7 /* ImageCell.h */,
				4D27D0791F6403E8000CEEE7 /* ImageCell.m */,
			);
			name = Examples;
			sourceTree = "<group>";
		};
/* End PBXGroup section */

/* Begin PBXNativeTarget section */
		4D27D0401F63F9B1000CEEE7 /* TableViewExperiment */ = {
			isa = PBXNativeTarget;
			buildConfigurationList = 4D27D0581F63F9B1000CEEE7 /* Build configuration list for PBXNativeTarget "TableViewExperiment" */;
			buildPhases = (
				4D27D03D1F63F9B1000CEEE7 /* Sources */,
				4D27D03E1F63F9B1000CEEE7 /* Frameworks */,
				4D27D03F1F63F9B1000CEEE7 /* Resources */,
			);
			buildRules = (
			);
			dependencies = (
			);
			name = TableViewExperiment;
			productName = TableViewExperiment;
			productReference = 4D27D0411F63F9B1000CEEE7 /* TableViewExperiment.app */;
			productType = "com.apple.product-type.application";
		};
/* End PBXNativeTarget section */

/* Begin PBXProject section */
		4D27D0391F63F9B1000CEEE7 /* Project object */ = {
			isa = PBXProject;
			attributes = {
				LastUpgradeCheck = 0820;
				ORGANIZATIONNAME = Jontelang;
				TargetAttributes = {
					4D27D0401F63F9B1000CEEE7 = {
						CreatedOnToolsVersion = 8.2.1;
						DevelopmentTeam = F8NWUB9QU2;
						ProvisioningStyle = Automatic;
					};
				};
			};
			buildConfigurationList = 4D27D03C1F63F9B1000CEEE7 /* Build configuration list for PBXProject "TableViewExperiment" */;
			compatibilityVersion = "Xcode 3.2";
			developmentRegion = English;
			hasScannedForEncodings = 0;
			knownRegions = (
				en,
				Base,
			);
			mainGroup = 4D27D0381F63F9B1000CEEE7;
			productRefGroup = 4D27D0421F63F9B1000CEEE7 /* Products */;
			projectDirPath = "";
			projectRoot = "";
			targets = (
				4D27D0401F63F9B1000CEEE7 /* TableViewExperiment */,
			);
		};
/* End PBXProject section */

/* Begin PBXResourcesBuildPhase section */
		4D27D03F1F63F9B1000CEEE7 /* Resources */ = {
			isa = PBXResourcesBuildPhase;
			buildActionMask = 2147483647;
			files = (
				4D27D06B1F63FAC0000CEEE7 /* BaseTableViewCell.xib in Resources */,
				4D27D0541F63F9B1000CEEE7 /* LaunchScreen.storyboard in Resources */,
				4D27D0511F63F9B1000CEEE7 /* Assets.xcassets in Resources */,
				4D27D07C1F640464000CEEE7 /* img.png in Resources */,
				4D27D0771F6403AC000CEEE7 /* ImageCell.xib in Resources */,
				4D27D04F1F63F9B1000CEEE7 /* Main.storyboard in Resources */,
			);
			runOnlyForDeploymentPostprocessing = 0;
		};
/* End PBXResourcesBuildPhase section */

/* Begin PBXSourcesBuildPhase section */
		4D27D03D1F63F9B1000CEEE7 /* Sources */ = {
			isa = PBXSourcesBuildPhase;
			buildActionMask = 2147483647;
			files = (
				4D27D06A1F63FAC0000CEEE7 /* BaseTableViewCell.m in Sources */,
				4D27D07A1F6403E8000CEEE7 /* ImageCell.m in Sources */,
				4D27D0691F63FAC0000CEEE7 /* BaseTableView.m in Sources */,
				4D27D06D1F63FAC0000CEEE7 /* BaseTableViewDataSource.m in Sources */,
				4D27D06F1F63FAC0000CEEE7 /* BaseTableViewSection.m in Sources */,
				4D27D04C1F63F9B1000CEEE7 /* ViewController.m in Sources */,
				4D27D0491F63F9B1000CEEE7 /* AppDelegate.m in Sources */,
				4D27D06C1F63FAC0000CEEE7 /* BaseTableViewController.m in Sources */,
				4D27D0461F63F9B1000CEEE7 /* main.m in Sources */,
				4D27D06E1F63FAC0000CEEE7 /* BaseTableViewEntry.m in Sources */,
			);
			runOnlyForDeploymentPostprocessing = 0;
		};
/* End PBXSourcesBuildPhase section */

/* Begin PBXVariantGroup section */
		4D27D04D1F63F9B1000CEEE7 /* Main.storyboard */ = {
			isa = PBXVariantGroup;
			children = (
				4D27D04E1F63F9B1000CEEE7 /* Base */,
			);
			name = Main.storyboard;
			sourceTree = "<group>";
		};
		4D27D0521F63F9B1000CEEE7 /* LaunchScreen.storyboard */ = {
			isa = PBXVariantGroup;
			children = (
				4D27D0531F63F9B1000CEEE7 /* Base */,
			);
			name = LaunchScreen.storyboard;
			sourceTree = "<group>";
		};
/* End PBXVariantGroup section */

/* Begin XCBuildConfiguration section */
		4D27D0561F63F9B1000CEEE7 /* Debug */ = {
			isa = XCBuildConfiguration;
			buildSettings = {
				ALWAYS_SEARCH_USER_PATHS = NO;
				CLANG_ANALYZER_NONNULL = YES;
				CLANG_CXX_LANGUAGE_STANDARD = "gnu++0x";
				CLANG_CXX_LIBRARY = "libc++";
				CLANG_ENABLE_MODULES = YES;
				CLANG_ENABLE_OBJC_ARC = YES;
				CLANG_WARN_BOOL_CONVERSION = YES;
				CLANG_WARN_CONSTANT_CONVERSION = YES;
				CLANG_WARN_DIRECT_OBJC_ISA_USAGE = YES_ERROR;
				CLANG_WARN_DOCUMENTATION_COMMENTS = YES;
				CLANG_WARN_EMPTY_BODY = YES;
				CLANG_WARN_ENUM_CONVERSION = YES;
				CLANG_WARN_INFINITE_RECURSION = YES;
				CLANG_WARN_INT_CONVERSION = YES;
				CLANG_WARN_OBJC_ROOT_CLASS = YES_ERROR;
				CLANG_WARN_SUSPICIOUS_MOVE = YES;
				CLANG_WARN_UNREACHABLE_CODE = YES;
				CLANG_WARN__DUPLICATE_METHOD_MATCH = YES;
				"CODE_SIGN_IDENTITY[sdk=iphoneos*]" = "iPhone Developer";
				COPY_PHASE_STRIP = NO;
				DEBUG_INFORMATION_FORMAT = dwarf;
				ENABLE_STRICT_OBJC_MSGSEND = YES;
				ENABLE_TESTABILITY = YES;
				GCC_C_LANGUAGE_STANDARD = gnu99;
				GCC_DYNAMIC_NO_PIC = NO;
				GCC_NO_COMMON_BLOCKS = YES;
				GCC_OPTIMIZATION_LEVEL = 0;
				GCC_PREPROCESSOR_DEFINITIONS = (
					"DEBUG=1",
					"$(inherited)",
				);
				GCC_WARN_64_TO_32_BIT_CONVERSION = YES;
				GCC_WARN_ABOUT_RETURN_TYPE = YES_ERROR;
				GCC_WARN_UNDECLARED_SELECTOR = YES;
				GCC_WARN_UNINITIALIZED_AUTOS = YES_AGGRESSIVE;
				GCC_WARN_UNUSED_FUNCTION = YES;
				GCC_WARN_UNUSED_VARIABLE = YES;
				IPHONEOS_DEPLOYMENT_TARGET = 10.2;
				MTL_ENABLE_DEBUG_INFO = YES;
				ONLY_ACTIVE_ARCH = YES;
				SDKROOT = iphoneos;
			};
			name = Debug;
		};
		4D27D0571F63F9B1000CEEE7 /* Release */ = {
			isa = XCBuildConfiguration;
			buildSettings = {
				ALWAYS_SEARCH_USER_PATHS = NO;
				CLANG_ANALYZER_NONNULL = YES;
				CLANG_CXX_LANGUAGE_STANDARD = "gnu++0x";
				CLANG_CXX_LIBRARY = "libc++";
				CLANG_ENABLE_MODULES = YES;
				CLANG_ENABLE_OBJC_ARC = YES;
				CLANG_WARN_BOOL_CONVERSION = YES;
				CLANG_WARN_CONSTANT_CONVERSION = YES;
				CLANG_WARN_DIRECT_OBJC_ISA_USAGE = YES_ERROR;
				CLANG_WARN_DOCUMENTATION_COMMENTS = YES;
				CLANG_WARN_EMPTY_BODY = YES;
				CLANG_WARN_ENUM_CONVERSION = YES;
				CLANG_WARN_INFINITE_RECURSION = YES;
				CLANG_WARN_INT_CONVERSION = YES;
				CLANG_WARN_OBJC_ROOT_CLASS = YES_ERROR;
				CLANG_WARN_SUSPICIOUS_MOVE = YES;
				CLANG_WARN_UNREACHABLE_CODE = YES;
				CLANG_WARN__DUPLICATE_METHOD_MATCH = YES;
				"CODE_SIGN_IDENTITY[sdk=iphoneos*]" = "iPhone Developer";
				COPY_PHASE_STRIP = NO;
				DEBUG_INFORMATION_FORMAT = "dwarf-with-dsym";
				ENABLE_NS_ASSERTIONS = NO;
				ENABLE_STRICT_OBJC_MSGSEND = YES;
				GCC_C_LANGUAGE_STANDARD = gnu99;
				GCC_NO_COMMON_BLOCKS = YES;
				GCC_WARN_64_TO_32_BIT_CONVERSION = YES;
				GCC_WARN_ABOUT_RETURN_TYPE = YES_ERROR;
				GCC_WARN_UNDECLARED_SELECTOR = YES;
				GCC_WARN_UNINITIALIZED_AUTOS = YES_AGGRESSIVE;
				GCC_WARN_UNUSED_FUNCTION = YES;
				GCC_WARN_UNUSED_VARIABLE = YES;
				IPHONEOS_DEPLOYMENT_TARGET = 10.2;
				MTL_ENABLE_DEBUG_INFO = NO;
				SDKROOT = iphoneos;
				VALIDATE_PRODUCT = YES;
			};
			name = Release;
		};
		4D27D0591F63F9B1000CEEE7 /* Debug */ = {
			isa = XCBuildConfiguration;
			buildSettings = {
				ASSETCATALOG_COMPILER_APPICON_NAME = AppIcon;
				DEVELOPMENT_TEAM = F8NWUB9QU2;
				INFOPLIST_FILE = TableViewExperiment/Info.plist;
				LD_RUNPATH_SEARCH_PATHS = "$(inherited) @executable_path/Frameworks";
				PRODUCT_BUNDLE_IDENTIFIER = com.jontelang.TableViewExperiment;
				PRODUCT_NAME = "$(TARGET_NAME)";
			};
			name = Debug;
		};
		4D27D05A1F63F9B1000CEEE7 /* Release */ = {
			isa = XCBuildConfiguration;
			buildSettings = {
				ASSETCATALOG_COMPILER_APPICON_NAME = AppIcon;
				DEVELOPMENT_TEAM = F8NWUB9QU2;
				INFOPLIST_FILE = TableViewExperiment/Info.plist;
				LD_RUNPATH_SEARCH_PATHS = "$(inherited) @executable_path/Frameworks";
				PRODUCT_BUNDLE_IDENTIFIER = com.jontelang.TableViewExperiment;
				PRODUCT_NAME = "$(TARGET_NAME)";
			};
			name = Release;
		};
/* End XCBuildConfiguration section */

/* Begin XCConfigurationList section */
		4D27D03C1F63F9B1000CEEE7 /* Build configuration list for PBXProject "TableViewExperiment" */ = {
			isa = XCConfigurationList;
			buildConfigurations = (
				4D27D0561F63F9B1000CEEE7 /* Debug */,
				4D27D0571F63F9B1000CEEE7 /* Release */,
			);
			defaultConfigurationIsVisible = 0;
			defaultConfigurationName = Release;
		};
		4D27D0581F63F9B1000CEEE7 /* Build configuration list for PBXNativeTarget "TableViewExperiment" */ = {
			isa = XCConfigurationList;
			buildConfigurations = (
				4D27D0591F63F9B1000CEEE7 /* Debug */,
				4D27D05A1F63F9B1000CEEE7 /* Release */,
			);
			defaultConfigurationIsVisible = 0;
		};
/* End XCConfigurationList section */
	};
	rootObject = 4D27D0391F63F9B1000CEEE7 /* Project object */;
}
